<?xml version="1.0" encoding="utf-8"?>
<Project ToolsVersion="4.0" xmlns="http://schemas.microsoft.com/developer/msbuild/2003">
  <ItemGroup>
    <Filter Include="Source Files">
      <UniqueIdentifier>{4FC737F1-C7A5-4376-A066-2A32D752A2FF}</UniqueIdentifier>
      <Extensions>cpp;c;cc;cxx;c++;cppm;ixx;def;odl;idl;hpj;bat;asm;asmx</Extensions>
    </Filter>
    <Filter Include="Header Files">
      <UniqueIdentifier>{93995380-89BD-4b04-88EB-625FBE52EBFB}</UniqueIdentifier>
      <Extensions>h;hh;hpp;hxx;h++;hm;inl;inc;ipp;xsd</Extensions>
    </Filter>
    <Filter Include="Resource Files">
      <UniqueIdentifier>{67DA6AB6-F800-4c08-8B7A-83BB121AAD01}</UniqueIdentifier>
      <Extensions>rc;ico;cur;bmp;dlg;rc2;rct;bin;rgs;gif;jpg;jpeg;jpe;resx;tiff;tif;png;wav;mfcribbon-ms</Extensions>
    </Filter>
    <Filter Include="Shaders">
      <UniqueIdentifier>{1e87dd6a-73f9-42b2-b5dd-7d51dd6f2fc2}</UniqueIdentifier>
    </Filter>
    <Filter Include="Shaders\vertex">
      <UniqueIdentifier>{fe0bb551-1837-479a-964b-42b261a15c3a}</UniqueIdentifier>
    </Filter>
    <Filter Include="Shaders\fragment">
      <UniqueIdentifier>{ce3c5f80-912c-46cc-a69d-c974ed5ea113}</UniqueIdentifier>
    </Filter>
    <Filter Include="Header Files\Model">
      <UniqueIdentifier>{9d59dda1-fed0-4d4a-81da-2a230530c992}</UniqueIdentifier>
    </Filter>
    <Filter Include="Header Files\Texture">
      <UniqueIdentifier>{f39627e7-ffee-46e1-8202-73dc8cfcc47a}</UniqueIdentifier>
    </Filter>
    <Filter Include="Header Files\Buffers">
      <UniqueIdentifier>{34345297-8828-49ec-86b2-4296ffc29002}</UniqueIdentifier>
    </Filter>
    <Filter Include="Header Files\Terrain">
      <UniqueIdentifier>{bef33f1b-d206-480a-a0b8-c6d2b8706230}</UniqueIdentifier>
    </Filter>
    <Filter Include="Source Files\Buffers">
      <UniqueIdentifier>{d6c20cb4-3908-4667-82d7-899e45f1609d}</UniqueIdentifier>
    </Filter>
    <Filter Include="Source Files\Texture">
      <UniqueIdentifier>{aa74dec8-6455-49a7-9875-4df162809156}</UniqueIdentifier>
    </Filter>
    <Filter Include="Source Files\Model">
      <UniqueIdentifier>{c3e8ba7e-e4f2-411b-8b1a-bf2c2600a47a}</UniqueIdentifier>
    </Filter>
    <Filter Include="Source Files\Terrain">
      <UniqueIdentifier>{77a5dbc6-3970-4d68-bfe1-acf42e7c7d2a}</UniqueIdentifier>
    </Filter>
    <Filter Include="Header Files\ParticleManager">
      <UniqueIdentifier>{bea4c9b1-58d2-4101-92d9-09397eb16cfa}</UniqueIdentifier>
    </Filter>
    <Filter Include="Source Files\ParticleManager">
      <UniqueIdentifier>{16dce68c-230b-40ab-8e48-c57ee759dff4}</UniqueIdentifier>
    </Filter>
    <Filter Include="Header Files\StateManager">
      <UniqueIdentifier>{b5b9e412-cab2-4b37-bcda-cd226d5751a7}</UniqueIdentifier>
    </Filter>
    <Filter Include="Source Files\StateManager">
      <UniqueIdentifier>{9e17ba4c-5b2d-41d0-8125-5df8c06acac4}</UniqueIdentifier>
    </Filter>
    <Filter Include="Header Files\WindowManager">
      <UniqueIdentifier>{dfc5c560-ca1e-478f-aea8-ffb11dbc5616}</UniqueIdentifier>
    </Filter>
    <Filter Include="Source Files\WindowManager">
      <UniqueIdentifier>{5b89351f-febd-4532-b7b1-62406bc722f4}</UniqueIdentifier>
    </Filter>
    <Filter Include="Header Files\UI">
      <UniqueIdentifier>{2ea016ea-1118-4d9d-a42f-9c64ca284c82}</UniqueIdentifier>
    </Filter>
    <Filter Include="Source Files\UI">
      <UniqueIdentifier>{f9a2d9f6-18bf-47f5-9608-1682c3d2c322}</UniqueIdentifier>
    </Filter>
  </ItemGroup>
  <ItemGroup>
    <ClInclude Include="headers\Application.h">
      <Filter>Header Files</Filter>
    </ClInclude>
    <ClInclude Include="headers\Shader.h">
      <Filter>Header Files</Filter>
    </ClInclude>
    <ClInclude Include="headers\Camera.h">
      <Filter>Header Files</Filter>
    </ClInclude>
    <ClInclude Include="headers\json.hpp">
      <Filter>Header Files</Filter>
    </ClInclude>
    <ClInclude Include="headers\dr_mp3.h">
      <Filter>Header Files</Filter>
    </ClInclude>
    <ClInclude Include="headers\Audio.h">
      <Filter>Header Files</Filter>
    </ClInclude>
    <ClInclude Include="headers\DB.h">
      <Filter>Header Files</Filter>
    </ClInclude>
    <ClInclude Include="headers\Aircraft.h">
      <Filter>Header Files</Filter>
    </ClInclude>
    <ClInclude Include="headers\Model\Mesh.h">
      <Filter>Header Files\Model</Filter>
    </ClInclude>
    <ClInclude Include="headers\Model\Model.h">
      <Filter>Header Files\Model</Filter>
    </ClInclude>
    <ClInclude Include="headers\Model\tiny_gltf.h">
      <Filter>Header Files\Model</Filter>
    </ClInclude>
    <ClInclude Include="headers\Buffers\IBO.h">
      <Filter>Header Files\Buffers</Filter>
    </ClInclude>
    <ClInclude Include="headers\Buffers\VAO.h">
      <Filter>Header Files\Buffers</Filter>
    </ClInclude>
    <ClInclude Include="headers\Buffers\VBO.h">
      <Filter>Header Files\Buffers</Filter>
    </ClInclude>
    <ClInclude Include="headers\Buffers\FBO.h">
      <Filter>Header Files\Buffers</Filter>
    </ClInclude>
    <ClInclude Include="headers\Terrain\Terrain.h">
      <Filter>Header Files\Terrain</Filter>
    </ClInclude>
    <ClInclude Include="headers\Texture\stb_image.h">
      <Filter>Header Files\Texture</Filter>
    </ClInclude>
    <ClInclude Include="headers\Texture\stb_image_write.h">
      <Filter>Header Files\Texture</Filter>
    </ClInclude>
    <ClInclude Include="headers\Texture\stb_vorbis.h">
      <Filter>Header Files\Texture</Filter>
    </ClInclude>
    <ClInclude Include="headers\Texture\Texture.h">
      <Filter>Header Files\Texture</Filter>
    </ClInclude>
    <ClInclude Include="headers\ThreadPool.h">
      <Filter>Header Files</Filter>
    </ClInclude>
    <ClInclude Include="headers\Window.h">
      <Filter>Header Files</Filter>
    </ClInclude>
    <ClInclude Include="headers\ParticleManager\Particle.h">
      <Filter>Header Files\ParticleManager</Filter>
    </ClInclude>
    <ClInclude Include="headers\ParticleManager\ParticleGenerator.h">
      <Filter>Header Files\ParticleManager</Filter>
    </ClInclude>
    <ClInclude Include="headers\StateManager\State.h">
      <Filter>Header Files\StateManager</Filter>
    </ClInclude>
    <ClInclude Include="headers\StateManager\StateGenerator.h">
      <Filter>Header Files\StateManager</Filter>
    </ClInclude>
    <ClInclude Include="headers\WindowManager\WidnowGenerator.h">
      <Filter>Header Files\WindowManager</Filter>
    </ClInclude>
    <ClInclude Include="headers\WindowManager\MainMenu.h">
      <Filter>Header Files\WindowManager</Filter>
    </ClInclude>
  </ItemGroup>
  <ItemGroup>
    <ClCompile Include="src\Application.cpp">
      <Filter>Source Files</Filter>
    </ClCompile>
    <ClCompile Include="src\glad.c">
      <Filter>Source Files</Filter>
    </ClCompile>
    <ClCompile Include="src\Main.cpp">
      <Filter>Source Files</Filter>
    </ClCompile>
    <ClCompile Include="src\Shader.cpp">
      <Filter>Source Files</Filter>
    </ClCompile>
    <ClCompile Include="src\Camera.cpp">
      <Filter>Source Files</Filter>
    </ClCompile>
    <ClCompile Include="src\dr_mp3.c">
      <Filter>Source Files</Filter>
    </ClCompile>
    <ClCompile Include="src\Audio.cpp">
      <Filter>Source Files</Filter>
    </ClCompile>
    <ClCompile Include="src\DB.cpp">
      <Filter>Source Files</Filter>
    </ClCompile>
    <ClCompile Include="src\Aircraft.cpp">
      <Filter>Source Files</Filter>
    </ClCompile>
    <ClCompile Include="src\Buffers\FBO.cpp">
      <Filter>Source Files\Buffers</Filter>
    </ClCompile>
    <ClCompile Include="src\Buffers\IBO.cpp">
      <Filter>Source Files\Buffers</Filter>
    </ClCompile>
    <ClCompile Include="src\Buffers\VAO.cpp">
      <Filter>Source Files\Buffers</Filter>
    </ClCompile>
    <ClCompile Include="src\Buffers\VBO.cpp">
      <Filter>Source Files\Buffers</Filter>
    </ClCompile>
    <ClCompile Include="src\Model\Model.cpp">
      <Filter>Source Files\Model</Filter>
    </ClCompile>
    <ClCompile Include="src\Model\tiny_gltf.cpp">
      <Filter>Source Files\Model</Filter>
    </ClCompile>
    <ClCompile Include="src\Model\Mesh.cpp">
      <Filter>Source Files\Model</Filter>
    </ClCompile>
    <ClCompile Include="src\Terrain\Terrain.cpp">
      <Filter>Source Files\Terrain</Filter>
    </ClCompile>
    <ClCompile Include="src\Texture\stb_image_write.cpp">
      <Filter>Source Files\Texture</Filter>
    </ClCompile>
    <ClCompile Include="src\Texture\stb_vorbis.c">
      <Filter>Source Files\Texture</Filter>
    </ClCompile>
    <ClCompile Include="src\Texture\Texture.cpp">
      <Filter>Source Files\Texture</Filter>
    </ClCompile>
    <ClCompile Include="src\Texture\stb.cpp">
      <Filter>Source Files\Texture</Filter>
    </ClCompile>
    <ClCompile Include="src\ThreadPool.cpp">
      <Filter>Source Files</Filter>
    </ClCompile>
    <ClCompile Include="src\Window.cpp">
      <Filter>Source Files</Filter>
    </ClCompile>
    <ClCompile Include="src\ParticleManager\ParticleGenerator.cpp">
      <Filter>Source Files\ParticleManager</Filter>
    </ClCompile>
    <ClCompile Include="src\StateManager\StateGenerator.cpp">
      <Filter>Source Files\StateManager</Filter>
    </ClCompile>
    <ClCompile Include="src\WindowManager\WindowGenerator.cpp">
      <Filter>Source Files\WindowManager</Filter>
    </ClCompile>
    <ClCompile Include="src\WindowManager\MainMenu.cpp">
      <Filter>Source Files\WindowManager</Filter>
    </ClCompile>
  </ItemGroup>
  <ItemGroup>
    <None Include="shaders\vertex\test.vert">
      <Filter>Shaders\vertex</Filter>
    </None>
    <None Include="shaders\fragment\postProc.frag">
      <Filter>Shaders\fragment</Filter>
    </None>
    <None Include="shaders\vertex\postProc.vert">
      <Filter>Shaders\vertex</Filter>
    </None>
    <None Include="shaders\vertex\cubemap.vert">
      <Filter>Shaders\vertex</Filter>
    </None>
    <None Include="shaders\fragment\cubemap.frag">
      <Filter>Shaders\fragment</Filter>
    </None>
    <None Include="shaders\fragment\text.frag">
      <Filter>Shaders\fragment</Filter>
    </None>
    <None Include="shaders\fragment\plane.frag">
      <Filter>Shaders\fragment</Filter>
    </None>
    <None Include="shaders\vertex\plane.vert">
      <Filter>Shaders\vertex</Filter>
    </None>
    <None Include="shaders\fragment\test1.frag">
      <Filter>Shaders\fragment</Filter>
    </None>
    <None Include="shaders\fragment\test2.geom">
      <Filter>Shaders\fragment</Filter>
    </None>
    <None Include="shaders\fragment\test3.vert">
      <Filter>Shaders\fragment</Filter>
    </None>
    <None Include="shaders\fragment\model.frag">
      <Filter>Shaders\fragment</Filter>
    </None>
    <None Include="shaders\vertex\model.vert">
      <Filter>Shaders\vertex</Filter>
    </None>
    <None Include="ClassDiagram.cd" />
    <None Include="shaders\fragment\particles.frag">
      <Filter>Shaders\fragment</Filter>
    </None>
    <None Include="shaders\vertex\particles.vert">
      <Filter>Shaders\vertex</Filter>
    </None>
  </ItemGroup>
  <ItemGroup>
    <Image Include="res\planetHeightMap.png">
      <Filter>Resource Files</Filter>
    </Image>
  </ItemGroup>
</Project>